
Microsoft Visual Studio Solution File, Format Version 12.00
# Visual Studio Version 16
VisualStudioVersion = 16.0.30517.126
MinimumVisualStudioVersion = 10.0.40219.1
Project("{FAE04EC0-301F-11D3-BF4B-00C04F79EFBC}") = "GestionFilm-Mahmoud", "WpfApp1\GestionFilm-Mahmoud.csproj", "{937FAA96-4238-49C8-AC69-4B38B0807AF8}"
EndProject
Global
	GlobalSection(SolutionConfigurationPlatforms) = preSolution
		Debug|Any CPU = Debug|Any CPU
		Release|Any CPU = Release|Any CPU
	EndGlobalSection
	GlobalSection(ProjectConfigurationPlatforms) = postSolution
		{937FAA96-4238-49C8-AC69-4B38B0807AF8}.Debug|Any CPU.ActiveCfg = Debug|Any CPU
		{937FAA96-4238-49C8-AC69-4B38B0807AF8}.Debug|Any CPU.Build.0 = Debug|Any CPU
		{937FAA96-4238-49C8-AC69-4B38B0807AF8}.Release|Any CPU.ActiveCfg = Release|Any CPU
		{937FAA96-4238-49C8-AC69-4B38B0807AF8}.Release|Any CPU.Build.0 = Release|Any CPU
	EndGlobalSection
	GlobalSection(SolutionProperties) = preSolution
		HideSolutionNode = FALSE
	EndGlobalSection
	GlobalSection(ExtensibilityGlobals) = postSolution
		SolutionGuid = {0FA4C302-3237-4EC0-949B-7BC1980FFED9}
	EndGlobalSection
EndGlobal
